
Microsoft Visual Studio Solution File, Format Version 12.00
# Visual Studio Version 16
VisualStudioVersion = 16.0.30001.183
MinimumVisualStudioVersion = 15.0.26124.0
Project("{9A19103F-16F7-4668-BE54-9A1E7A4F7556}") = "Lab_01.App", "Lab_01\Lab_01.App\Lab_01.App.csproj", "{292FDE41-6C2B-4CA0-BF6E-2E87124F0E21}"
EndProject
Project("{9A19103F-16F7-4668-BE54-9A1E7A4F7556}") = "Lab_01.Core", "Lab_01\Lab_01.Core\Lab_01.Core.csproj", "{7B5E1B51-7502-4E99-AA77-906656C6C114}"
EndProject
Project("{9A19103F-16F7-4668-BE54-9A1E7A4F7556}") = "Lab_01.Core.Tests", "Lab_01\Lab_01.Core.Tests\Lab_01.Core.Tests.csproj", "{75C1E726-0640-41E7-ABDC-C5414766646D}"
EndProject
Project("{2150E333-8FDC-42A3-9474-1A3956D46DE8}") = "Lab_01", "Lab_01", "{3C8A9C47-6854-47BC-9E33-559E1417128A}"
EndProject
Project("{2150E333-8FDC-42A3-9474-1A3956D46DE8}") = "Lab_02", "Lab_02", "{A5416219-09D1-46D5-9594-A9FACFB5DA6B}"
EndProject
Project("{FAE04EC0-301F-11D3-BF4B-00C04F79EFBC}") = "Lab_02.App", "Lab_02\Lab_02.App\Lab_02.App.csproj", "{9450391A-AF6D-4A19-B9C9-D43EDE6D812A}"
EndProject
Project("{FAE04EC0-301F-11D3-BF4B-00C04F79EFBC}") = "Lab_02.Core", "Lab_02\Lab_02.Core\Lab_02.Core.csproj", "{648DB8F4-771A-486F-839C-BF39153EC4C4}"
EndProject
Project("{FAE04EC0-301F-11D3-BF4B-00C04F79EFBC}") = "Lab_02.Core.Tests", "Lab_02\Lab_02.Core.Tests\Lab_02.Core.Tests.csproj", "{E1441E8C-A706-4FBF-B08B-8D0A0C061F64}"
EndProject
Project("{2150E333-8FDC-42A3-9474-1A3956D46DE8}") = "Lab_03", "Lab_03", "{6F9D4BCC-E856-4564-8D84-D4A7D158FDB3}"
EndProject
Project("{FAE04EC0-301F-11D3-BF4B-00C04F79EFBC}") = "Lab_03.App", "Lab_03\Lab_03.App\Lab_03.App.csproj", "{07BC343A-87CE-424A-804D-56E1404DA887}"
EndProject
Project("{FAE04EC0-301F-11D3-BF4B-00C04F79EFBC}") = "Lab_03.Core", "Lab_03\Lab_03.Core\Lab_03.Core.csproj", "{E02FB544-4E42-4B7D-B130-150FF67D7A6F}"
EndProject
Project("{FAE04EC0-301F-11D3-BF4B-00C04F79EFBC}") = "Lab_03.Core.Tests", "Lab_03\Lab_03.Core.Tests\Lab_03.Core.Tests.csproj", "{47860FD1-F0C3-4E1F-8FAF-4EBA72636D21}"
EndProject
Global
	GlobalSection(SolutionConfigurationPlatforms) = preSolution
		Debug|Any CPU = Debug|Any CPU
		Debug|x64 = Debug|x64
		Debug|x86 = Debug|x86
		Release|Any CPU = Release|Any CPU
		Release|x64 = Release|x64
		Release|x86 = Release|x86
	EndGlobalSection
	GlobalSection(ProjectConfigurationPlatforms) = postSolution
		{292FDE41-6C2B-4CA0-BF6E-2E87124F0E21}.Debug|Any CPU.ActiveCfg = Debug|Any CPU
		{292FDE41-6C2B-4CA0-BF6E-2E87124F0E21}.Debug|Any CPU.Build.0 = Debug|Any CPU
		{292FDE41-6C2B-4CA0-BF6E-2E87124F0E21}.Debug|x64.ActiveCfg = Debug|Any CPU
		{292FDE41-6C2B-4CA0-BF6E-2E87124F0E21}.Debug|x64.Build.0 = Debug|Any CPU
		{292FDE41-6C2B-4CA0-BF6E-2E87124F0E21}.Debug|x86.ActiveCfg = Debug|Any CPU
		{292FDE41-6C2B-4CA0-BF6E-2E87124F0E21}.Debug|x86.Build.0 = Debug|Any CPU
		{292FDE41-6C2B-4CA0-BF6E-2E87124F0E21}.Release|Any CPU.ActiveCfg = Release|Any CPU
		{292FDE41-6C2B-4CA0-BF6E-2E87124F0E21}.Release|Any CPU.Build.0 = Release|Any CPU
		{292FDE41-6C2B-4CA0-BF6E-2E87124F0E21}.Release|x64.ActiveCfg = Release|Any CPU
		{292FDE41-6C2B-4CA0-BF6E-2E87124F0E21}.Release|x64.Build.0 = Release|Any CPU
		{292FDE41-6C2B-4CA0-BF6E-2E87124F0E21}.Release|x86.ActiveCfg = Release|Any CPU
		{292FDE41-6C2B-4CA0-BF6E-2E87124F0E21}.Release|x86.Build.0 = Release|Any CPU
		{7B5E1B51-7502-4E99-AA77-906656C6C114}.Debug|Any CPU.ActiveCfg = Debug|Any CPU
		{7B5E1B51-7502-4E99-AA77-906656C6C114}.Debug|Any CPU.Build.0 = Debug|Any CPU
		{7B5E1B51-7502-4E99-AA77-906656C6C114}.Debug|x64.ActiveCfg = Debug|Any CPU
		{7B5E1B51-7502-4E99-AA77-906656C6C114}.Debug|x64.Build.0 = Debug|Any CPU
		{7B5E1B51-7502-4E99-AA77-906656C6C114}.Debug|x86.ActiveCfg = Debug|Any CPU
		{7B5E1B51-7502-4E99-AA77-906656C6C114}.Debug|x86.Build.0 = Debug|Any CPU
		{7B5E1B51-7502-4E99-AA77-906656C6C114}.Release|Any CPU.ActiveCfg = Release|Any CPU
		{7B5E1B51-7502-4E99-AA77-906656C6C114}.Release|Any CPU.Build.0 = Release|Any CPU
		{7B5E1B51-7502-4E99-AA77-906656C6C114}.Release|x64.ActiveCfg = Release|Any CPU
		{7B5E1B51-7502-4E99-AA77-906656C6C114}.Release|x64.Build.0 = Release|Any CPU
		{7B5E1B51-7502-4E99-AA77-906656C6C114}.Release|x86.ActiveCfg = Release|Any CPU
		{7B5E1B51-7502-4E99-AA77-906656C6C114}.Release|x86.Build.0 = Release|Any CPU
		{75C1E726-0640-41E7-ABDC-C5414766646D}.Debug|Any CPU.ActiveCfg = Debug|Any CPU
		{75C1E726-0640-41E7-ABDC-C5414766646D}.Debug|Any CPU.Build.0 = Debug|Any CPU
		{75C1E726-0640-41E7-ABDC-C5414766646D}.Debug|x64.ActiveCfg = Debug|Any CPU
		{75C1E726-0640-41E7-ABDC-C5414766646D}.Debug|x64.Build.0 = Debug|Any CPU
		{75C1E726-0640-41E7-ABDC-C5414766646D}.Debug|x86.ActiveCfg = Debug|Any CPU
		{75C1E726-0640-41E7-ABDC-C5414766646D}.Debug|x86.Build.0 = Debug|Any CPU
		{75C1E726-0640-41E7-ABDC-C5414766646D}.Release|Any CPU.ActiveCfg = Release|Any CPU
		{75C1E726-0640-41E7-ABDC-C5414766646D}.Release|Any CPU.Build.0 = Release|Any CPU
		{75C1E726-0640-41E7-ABDC-C5414766646D}.Release|x64.ActiveCfg = Release|Any CPU
		{75C1E726-0640-41E7-ABDC-C5414766646D}.Release|x64.Build.0 = Release|Any CPU
		{75C1E726-0640-41E7-ABDC-C5414766646D}.Release|x86.ActiveCfg = Release|Any CPU
		{75C1E726-0640-41E7-ABDC-C5414766646D}.Release|x86.Build.0 = Release|Any CPU
		{9450391A-AF6D-4A19-B9C9-D43EDE6D812A}.Debug|Any CPU.ActiveCfg = Debug|Any CPU
		{9450391A-AF6D-4A19-B9C9-D43EDE6D812A}.Debug|Any CPU.Build.0 = Debug|Any CPU
		{9450391A-AF6D-4A19-B9C9-D43EDE6D812A}.Debug|x64.ActiveCfg = Debug|Any CPU
		{9450391A-AF6D-4A19-B9C9-D43EDE6D812A}.Debug|x64.Build.0 = Debug|Any CPU
		{9450391A-AF6D-4A19-B9C9-D43EDE6D812A}.Debug|x86.ActiveCfg = Debug|Any CPU
		{9450391A-AF6D-4A19-B9C9-D43EDE6D812A}.Debug|x86.Build.0 = Debug|Any CPU
		{9450391A-AF6D-4A19-B9C9-D43EDE6D812A}.Release|Any CPU.ActiveCfg = Release|Any CPU
		{9450391A-AF6D-4A19-B9C9-D43EDE6D812A}.Release|Any CPU.Build.0 = Release|Any CPU
		{9450391A-AF6D-4A19-B9C9-D43EDE6D812A}.Release|x64.ActiveCfg = Release|Any CPU
		{9450391A-AF6D-4A19-B9C9-D43EDE6D812A}.Release|x64.Build.0 = Release|Any CPU
		{9450391A-AF6D-4A19-B9C9-D43EDE6D812A}.Release|x86.ActiveCfg = Release|Any CPU
		{9450391A-AF6D-4A19-B9C9-D43EDE6D812A}.Release|x86.Build.0 = Release|Any CPU
		{648DB8F4-771A-486F-839C-BF39153EC4C4}.Debug|Any CPU.ActiveCfg = Debug|Any CPU
		{648DB8F4-771A-486F-839C-BF39153EC4C4}.Debug|Any CPU.Build.0 = Debug|Any CPU
		{648DB8F4-771A-486F-839C-BF39153EC4C4}.Debug|x64.ActiveCfg = Debug|Any CPU
		{648DB8F4-771A-486F-839C-BF39153EC4C4}.Debug|x64.Build.0 = Debug|Any CPU
		{648DB8F4-771A-486F-839C-BF39153EC4C4}.Debug|x86.ActiveCfg = Debug|Any CPU
		{648DB8F4-771A-486F-839C-BF39153EC4C4}.Debug|x86.Build.0 = Debug|Any CPU
		{648DB8F4-771A-486F-839C-BF39153EC4C4}.Release|Any CPU.ActiveCfg = Release|Any CPU
		{648DB8F4-771A-486F-839C-BF39153EC4C4}.Release|Any CPU.Build.0 = Release|Any CPU
		{648DB8F4-771A-486F-839C-BF39153EC4C4}.Release|x64.ActiveCfg = Release|Any CPU
		{648DB8F4-771A-486F-839C-BF39153EC4C4}.Release|x64.Build.0 = Release|Any CPU
		{648DB8F4-771A-486F-839C-BF39153EC4C4}.Release|x86.ActiveCfg = Release|Any CPU
		{648DB8F4-771A-486F-839C-BF39153EC4C4}.Release|x86.Build.0 = Release|Any CPU
		{E1441E8C-A706-4FBF-B08B-8D0A0C061F64}.Debug|Any CPU.ActiveCfg = Debug|Any CPU
		{E1441E8C-A706-4FBF-B08B-8D0A0C061F64}.Debug|Any CPU.Build.0 = Debug|Any CPU
		{E1441E8C-A706-4FBF-B08B-8D0A0C061F64}.Debug|x64.ActiveCfg = Debug|Any CPU
		{E1441E8C-A706-4FBF-B08B-8D0A0C061F64}.Debug|x64.Build.0 = Debug|Any CPU
		{E1441E8C-A706-4FBF-B08B-8D0A0C061F64}.Debug|x86.ActiveCfg = Debug|Any CPU
		{E1441E8C-A706-4FBF-B08B-8D0A0C061F64}.Debug|x86.Build.0 = Debug|Any CPU
		{E1441E8C-A706-4FBF-B08B-8D0A0C061F64}.Release|Any CPU.ActiveCfg = Release|Any CPU
		{E1441E8C-A706-4FBF-B08B-8D0A0C061F64}.Release|Any CPU.Build.0 = Release|Any CPU
		{E1441E8C-A706-4FBF-B08B-8D0A0C061F64}.Release|x64.ActiveCfg = Release|Any CPU
		{E1441E8C-A706-4FBF-B08B-8D0A0C061F64}.Release|x64.Build.0 = Release|Any CPU
		{E1441E8C-A706-4FBF-B08B-8D0A0C061F64}.Release|x86.ActiveCfg = Release|Any CPU
		{E1441E8C-A706-4FBF-B08B-8D0A0C061F64}.Release|x86.Build.0 = Release|Any CPU
		{07BC343A-87CE-424A-804D-56E1404DA887}.Debug|Any CPU.ActiveCfg = Debug|Any CPU
		{07BC343A-87CE-424A-804D-56E1404DA887}.Debug|Any CPU.Build.0 = Debug|Any CPU
		{07BC343A-87CE-424A-804D-56E1404DA887}.Debug|x64.ActiveCfg = Debug|Any CPU
		{07BC343A-87CE-424A-804D-56E1404DA887}.Debug|x64.Build.0 = Debug|Any CPU
		{07BC343A-87CE-424A-804D-56E1404DA887}.Debug|x86.ActiveCfg = Debug|Any CPU
		{07BC343A-87CE-424A-804D-56E1404DA887}.Debug|x86.Build.0 = Debug|Any CPU
		{07BC343A-87CE-424A-804D-56E1404DA887}.Release|Any CPU.ActiveCfg = Release|Any CPU
		{07BC343A-87CE-424A-804D-56E1404DA887}.Release|Any CPU.Build.0 = Release|Any CPU
		{07BC343A-87CE-424A-804D-56E1404DA887}.Release|x64.ActiveCfg = Release|Any CPU
		{07BC343A-87CE-424A-804D-56E1404DA887}.Release|x64.Build.0 = Release|Any CPU
		{07BC343A-87CE-424A-804D-56E1404DA887}.Release|x86.ActiveCfg = Release|Any CPU
		{07BC343A-87CE-424A-804D-56E1404DA887}.Release|x86.Build.0 = Release|Any CPU
		{E02FB544-4E42-4B7D-B130-150FF67D7A6F}.Debug|Any CPU.ActiveCfg = Debug|Any CPU
		{E02FB544-4E42-4B7D-B130-150FF67D7A6F}.Debug|Any CPU.Build.0 = Debug|Any CPU
		{E02FB544-4E42-4B7D-B130-150FF67D7A6F}.Debug|x64.ActiveCfg = Debug|Any CPU
		{E02FB544-4E42-4B7D-B130-150FF67D7A6F}.Debug|x64.Build.0 = Debug|Any CPU
		{E02FB544-4E42-4B7D-B130-150FF67D7A6F}.Debug|x86.ActiveCfg = Debug|Any CPU
		{E02FB544-4E42-4B7D-B130-150FF67D7A6F}.Debug|x86.Build.0 = Debug|Any CPU
		{E02FB544-4E42-4B7D-B130-150FF67D7A6F}.Release|Any CPU.ActiveCfg = Release|Any CPU
		{E02FB544-4E42-4B7D-B130-150FF67D7A6F}.Release|Any CPU.Build.0 = Release|Any CPU
		{E02FB544-4E42-4B7D-B130-150FF67D7A6F}.Release|x64.ActiveCfg = Release|Any CPU
		{E02FB544-4E42-4B7D-B130-150FF67D7A6F}.Release|x64.Build.0 = Release|Any CPU
		{E02FB544-4E42-4B7D-B130-150FF67D7A6F}.Release|x86.ActiveCfg = Release|Any CPU
		{E02FB544-4E42-4B7D-B130-150FF67D7A6F}.Release|x86.Build.0 = Release|Any CPU
		{47860FD1-F0C3-4E1F-8FAF-4EBA72636D21}.Debug|Any CPU.ActiveCfg = Debug|Any CPU
		{47860FD1-F0C3-4E1F-8FAF-4EBA72636D21}.Debug|Any CPU.Build.0 = Debug|Any CPU
		{47860FD1-F0C3-4E1F-8FAF-4EBA72636D21}.Debug|x64.ActiveCfg = Debug|Any CPU
		{47860FD1-F0C3-4E1F-8FAF-4EBA72636D21}.Debug|x64.Build.0 = Debug|Any CPU
		{47860FD1-F0C3-4E1F-8FAF-4EBA72636D21}.Debug|x86.ActiveCfg = Debug|Any CPU
		{47860FD1-F0C3-4E1F-8FAF-4EBA72636D21}.Debug|x86.Build.0 = Debug|Any CPU
		{47860FD1-F0C3-4E1F-8FAF-4EBA72636D21}.Release|Any CPU.ActiveCfg = Release|Any CPU
		{47860FD1-F0C3-4E1F-8FAF-4EBA72636D21}.Release|Any CPU.Build.0 = Release|Any CPU
		{47860FD1-F0C3-4E1F-8FAF-4EBA72636D21}.Release|x64.ActiveCfg = Release|Any CPU
		{47860FD1-F0C3-4E1F-8FAF-4EBA72636D21}.Release|x64.Build.0 = Release|Any CPU
		{47860FD1-F0C3-4E1F-8FAF-4EBA72636D21}.Release|x86.ActiveCfg = Release|Any CPU
		{47860FD1-F0C3-4E1F-8FAF-4EBA72636D21}.Release|x86.Build.0 = Release|Any CPU
	EndGlobalSection
	GlobalSection(SolutionProperties) = preSolution
		HideSolutionNode = FALSE
	EndGlobalSection
	GlobalSection(ExtensibilityGlobals) = postSolution
		SolutionGuid = {C43720D5-A453-49B6-84CF-31E3C721A34B}
	EndGlobalSection
	GlobalSection(NestedProjects) = preSolution
		{292FDE41-6C2B-4CA0-BF6E-2E87124F0E21} = {3C8A9C47-6854-47BC-9E33-559E1417128A}
		{7B5E1B51-7502-4E99-AA77-906656C6C114} = {3C8A9C47-6854-47BC-9E33-559E1417128A}
		{75C1E726-0640-41E7-ABDC-C5414766646D} = {3C8A9C47-6854-47BC-9E33-559E1417128A}
		{9450391A-AF6D-4A19-B9C9-D43EDE6D812A} = {A5416219-09D1-46D5-9594-A9FACFB5DA6B}
		{648DB8F4-771A-486F-839C-BF39153EC4C4} = {A5416219-09D1-46D5-9594-A9FACFB5DA6B}
		{E1441E8C-A706-4FBF-B08B-8D0A0C061F64} = {A5416219-09D1-46D5-9594-A9FACFB5DA6B}
		{07BC343A-87CE-424A-804D-56E1404DA887} = {6F9D4BCC-E856-4564-8D84-D4A7D158FDB3}
		{E02FB544-4E42-4B7D-B130-150FF67D7A6F} = {6F9D4BCC-E856-4564-8D84-D4A7D158FDB3}
		{47860FD1-F0C3-4E1F-8FAF-4EBA72636D21} = {6F9D4BCC-E856-4564-8D84-D4A7D158FDB3}
	EndGlobalSection
EndGlobal
